
Microsoft Visual Studio Solution File, Format Version 12.00
Project("{FAE04EC0-301F-11D3-BF4B-00C04F79EFBC}") = "Domain", "Domain\Domain.csproj", "{24E45378-54B3-4B52-8BC5-7778B7289F66}"
EndProject
Project("{FAE04EC0-301F-11D3-BF4B-00C04F79EFBC}") = "WebAPI", "WebAPI\WebAPI.csproj", "{B5683CD9-6A6D-45AA-BEB4-68A5768E5CE2}"
EndProject
Project("{FAE04EC0-301F-11D3-BF4B-00C04F79EFBC}") = "Application", "Application\Application.csproj", "{034DA446-BC1C-4C45-81DA-37D8917B90A3}"
EndProject
Project("{FAE04EC0-301F-11D3-BF4B-00C04F79EFBC}") = "FileData", "FileData\FileData.csproj", "{101FEA4E-7986-45C8-B3C4-14B37220C30C}"
EndProject
Global
	GlobalSection(SolutionConfigurationPlatforms) = preSolution
		Debug|Any CPU = Debug|Any CPU
		Release|Any CPU = Release|Any CPU
	EndGlobalSection
	GlobalSection(ProjectConfigurationPlatforms) = postSolution
		{24E45378-54B3-4B52-8BC5-7778B7289F66}.Debug|Any CPU.ActiveCfg = Debug|Any CPU
		{24E45378-54B3-4B52-8BC5-7778B7289F66}.Debug|Any CPU.Build.0 = Debug|Any CPU
		{24E45378-54B3-4B52-8BC5-7778B7289F66}.Release|Any CPU.ActiveCfg = Release|Any CPU
		{24E45378-54B3-4B52-8BC5-7778B7289F66}.Release|Any CPU.Build.0 = Release|Any CPU
		{B5683CD9-6A6D-45AA-BEB4-68A5768E5CE2}.Debug|Any CPU.ActiveCfg = Debug|Any CPU
		{B5683CD9-6A6D-45AA-BEB4-68A5768E5CE2}.Debug|Any CPU.Build.0 = Debug|Any CPU
		{B5683CD9-6A6D-45AA-BEB4-68A5768E5CE2}.Release|Any CPU.ActiveCfg = Release|Any CPU
		{B5683CD9-6A6D-45AA-BEB4-68A5768E5CE2}.Release|Any CPU.Build.0 = Release|Any CPU
		{034DA446-BC1C-4C45-81DA-37D8917B90A3}.Debug|Any CPU.ActiveCfg = Debug|Any CPU
		{034DA446-BC1C-4C45-81DA-37D8917B90A3}.Debug|Any CPU.Build.0 = Debug|Any CPU
		{034DA446-BC1C-4C45-81DA-37D8917B90A3}.Release|Any CPU.ActiveCfg = Release|Any CPU
		{034DA446-BC1C-4C45-81DA-37D8917B90A3}.Release|Any CPU.Build.0 = Release|Any CPU
		{101FEA4E-7986-45C8-B3C4-14B37220C30C}.Debug|Any CPU.ActiveCfg = Debug|Any CPU
		{101FEA4E-7986-45C8-B3C4-14B37220C30C}.Debug|Any CPU.Build.0 = Debug|Any CPU
		{101FEA4E-7986-45C8-B3C4-14B37220C30C}.Release|Any CPU.ActiveCfg = Release|Any CPU
		{101FEA4E-7986-45C8-B3C4-14B37220C30C}.Release|Any CPU.Build.0 = Release|Any CPU
	EndGlobalSection
EndGlobal
